
Microsoft Visual Studio Solution File, Format Version 12.00
# Visual Studio Version 17
VisualStudioVersion = 17.5.002.0
MinimumVisualStudioVersion = 10.0.40219.1
Project("{9A19103F-16F7-4668-BE54-9A1E7A4F7556}") = "Howest.Mct.Models", "Howest.Mct.Models\Howest.Mct.Models.csproj", "{8FF03377-2563-45D4-AF69-ECCB862A7840}"
EndProject
Project("{9A19103F-16F7-4668-BE54-9A1E7A4F7556}") = "Howest.Mct.Functions", "Howest.Mct.Functions\Howest.Mct.Functions.csproj", "{86167A0B-24F5-469C-A8F0-548533AF3969}"
EndProject
Project("{FAE04EC0-301F-11D3-BF4B-00C04F79EFBC}") = "Howest.Mct.Functions.Secret", "Howest.Mct.Functions.Secret\Howest.Mct.Functions.Secret.csproj", "{46CB8371-14A5-4414-B28D-C7BACE792F23}"
EndProject
Project("{2150E333-8FDC-42A3-9474-1A3956D46DE8}") = "Solution Items", "Solution Items", "{18B530BA-9489-4E30-B678-B6FFDFDF502E}"
EndProject
Project("{FAE04EC0-301F-11D3-BF4B-00C04F79EFBC}") = "Howest.Mct.Services", "Howest.Mct.Services\Howest.Mct.Services.csproj", "{7E0D4C0D-4B5B-4820-8A7E-59A24519A037}"
EndProject
Project("{FAE04EC0-301F-11D3-BF4B-00C04F79EFBC}") = "Howest.Mct.Functions.CosmosDb.Persons", "Howest.Mct.Functions.CosmosDb.Persons\Howest.Mct.Functions.CosmosDb.Persons.csproj", "{9C5F4725-C4D2-436F-BA7A-2A935BAB1D38}"
EndProject
Project("{FAE04EC0-301F-11D3-BF4B-00C04F79EFBC}") = "Howest.Mct.Functions.CosmosDb.Helper", "Howest.Mct.Functions.CosmosDb.Helper\Howest.Mct.Functions.CosmosDb.Helper.csproj", "{75C085DA-5AA0-4B8D-9BF9-5F2BE6856283}"
EndProject
Project("{FAE04EC0-301F-11D3-BF4B-00C04F79EFBC}") = "Howest.Mct.Functions.CosmosDb.Tasks", "Howest.Mct.Functions.CosmosDb.Tasks\Howest.Mct.Functions.CosmosDb.Tasks.csproj", "{AF727367-5682-406C-A8CB-F38C44716FEE}"
EndProject
Global
	GlobalSection(SolutionConfigurationPlatforms) = preSolution
		Debug|Any CPU = Debug|Any CPU
		Release|Any CPU = Release|Any CPU
	EndGlobalSection
	GlobalSection(ProjectConfigurationPlatforms) = postSolution
		{8FF03377-2563-45D4-AF69-ECCB862A7840}.Debug|Any CPU.ActiveCfg = Debug|Any CPU
		{8FF03377-2563-45D4-AF69-ECCB862A7840}.Debug|Any CPU.Build.0 = Debug|Any CPU
		{8FF03377-2563-45D4-AF69-ECCB862A7840}.Release|Any CPU.ActiveCfg = Release|Any CPU
		{8FF03377-2563-45D4-AF69-ECCB862A7840}.Release|Any CPU.Build.0 = Release|Any CPU
		{86167A0B-24F5-469C-A8F0-548533AF3969}.Debug|Any CPU.ActiveCfg = Debug|Any CPU
		{86167A0B-24F5-469C-A8F0-548533AF3969}.Debug|Any CPU.Build.0 = Debug|Any CPU
		{86167A0B-24F5-469C-A8F0-548533AF3969}.Release|Any CPU.ActiveCfg = Release|Any CPU
		{86167A0B-24F5-469C-A8F0-548533AF3969}.Release|Any CPU.Build.0 = Release|Any CPU
		{46CB8371-14A5-4414-B28D-C7BACE792F23}.Debug|Any CPU.ActiveCfg = Debug|Any CPU
		{46CB8371-14A5-4414-B28D-C7BACE792F23}.Debug|Any CPU.Build.0 = Debug|Any CPU
		{46CB8371-14A5-4414-B28D-C7BACE792F23}.Release|Any CPU.ActiveCfg = Release|Any CPU
		{46CB8371-14A5-4414-B28D-C7BACE792F23}.Release|Any CPU.Build.0 = Release|Any CPU
		{7E0D4C0D-4B5B-4820-8A7E-59A24519A037}.Debug|Any CPU.ActiveCfg = Debug|Any CPU
		{7E0D4C0D-4B5B-4820-8A7E-59A24519A037}.Debug|Any CPU.Build.0 = Debug|Any CPU
		{7E0D4C0D-4B5B-4820-8A7E-59A24519A037}.Release|Any CPU.ActiveCfg = Release|Any CPU
		{7E0D4C0D-4B5B-4820-8A7E-59A24519A037}.Release|Any CPU.Build.0 = Release|Any CPU
		{9C5F4725-C4D2-436F-BA7A-2A935BAB1D38}.Debug|Any CPU.ActiveCfg = Debug|Any CPU
		{9C5F4725-C4D2-436F-BA7A-2A935BAB1D38}.Debug|Any CPU.Build.0 = Debug|Any CPU
		{9C5F4725-C4D2-436F-BA7A-2A935BAB1D38}.Release|Any CPU.ActiveCfg = Release|Any CPU
		{9C5F4725-C4D2-436F-BA7A-2A935BAB1D38}.Release|Any CPU.Build.0 = Release|Any CPU
		{75C085DA-5AA0-4B8D-9BF9-5F2BE6856283}.Debug|Any CPU.ActiveCfg = Debug|Any CPU
		{75C085DA-5AA0-4B8D-9BF9-5F2BE6856283}.Debug|Any CPU.Build.0 = Debug|Any CPU
		{75C085DA-5AA0-4B8D-9BF9-5F2BE6856283}.Release|Any CPU.ActiveCfg = Release|Any CPU
		{75C085DA-5AA0-4B8D-9BF9-5F2BE6856283}.Release|Any CPU.Build.0 = Release|Any CPU
		{AF727367-5682-406C-A8CB-F38C44716FEE}.Debug|Any CPU.ActiveCfg = Debug|Any CPU
		{AF727367-5682-406C-A8CB-F38C44716FEE}.Debug|Any CPU.Build.0 = Debug|Any CPU
		{AF727367-5682-406C-A8CB-F38C44716FEE}.Release|Any CPU.ActiveCfg = Release|Any CPU
		{AF727367-5682-406C-A8CB-F38C44716FEE}.Release|Any CPU.Build.0 = Release|Any CPU
	EndGlobalSection
	GlobalSection(SolutionProperties) = preSolution
		HideSolutionNode = FALSE
	EndGlobalSection
	GlobalSection(ExtensibilityGlobals) = postSolution
		SolutionGuid = {3DC1992E-F994-4B8F-8F11-AD93A7101139}
	EndGlobalSection
	GlobalSection(NestedProjects) = preSolution
	EndGlobalSection
EndGlobal
